
Microsoft Visual Studio Solution File, Format Version 12.00
# Visual Studio Version 16
VisualStudioVersion = 16.0.31729.503
MinimumVisualStudioVersion = 10.0.40219.1
Project("{9A19103F-16F7-4668-BE54-9A1E7A4F7556}") = "NetCore.Web", "NetCore.Web\NetCore.Web.csproj", "{815A685A-957B-4A2F-8E3D-E2464E521C42}"
EndProject
Project("{9A19103F-16F7-4668-BE54-9A1E7A4F7556}") = "NetCore.Services", "NetCore.Services\NetCore.Services.csproj", "{B2B0D911-607E-428D-B7F0-E06762D2B4C8}"
EndProject
Project("{9A19103F-16F7-4668-BE54-9A1E7A4F7556}") = "NetCore.Data", "NetCore.Data\NetCore.Data.csproj", "{3FD61AF4-938F-4654-AA55-B3D687E0DF2D}"
EndProject
Project("{FAE04EC0-301F-11D3-BF4B-00C04F79EFBC}") = "NetCore.Databases", "NetCore.Databases\NetCore.Databases.csproj", "{9CE1D4E3-1631-4574-B406-8DC1FCB6E708}"
EndProject
Global
	GlobalSection(SolutionConfigurationPlatforms) = preSolution
		Debug|Any CPU = Debug|Any CPU
		Release|Any CPU = Release|Any CPU
	EndGlobalSection
	GlobalSection(ProjectConfigurationPlatforms) = postSolution
		{815A685A-957B-4A2F-8E3D-E2464E521C42}.Debug|Any CPU.ActiveCfg = Debug|Any CPU
		{815A685A-957B-4A2F-8E3D-E2464E521C42}.Debug|Any CPU.Build.0 = Debug|Any CPU
		{815A685A-957B-4A2F-8E3D-E2464E521C42}.Release|Any CPU.ActiveCfg = Release|Any CPU
		{815A685A-957B-4A2F-8E3D-E2464E521C42}.Release|Any CPU.Build.0 = Release|Any CPU
		{B2B0D911-607E-428D-B7F0-E06762D2B4C8}.Debug|Any CPU.ActiveCfg = Debug|Any CPU
		{B2B0D911-607E-428D-B7F0-E06762D2B4C8}.Debug|Any CPU.Build.0 = Debug|Any CPU
		{B2B0D911-607E-428D-B7F0-E06762D2B4C8}.Release|Any CPU.ActiveCfg = Release|Any CPU
		{B2B0D911-607E-428D-B7F0-E06762D2B4C8}.Release|Any CPU.Build.0 = Release|Any CPU
		{3FD61AF4-938F-4654-AA55-B3D687E0DF2D}.Debug|Any CPU.ActiveCfg = Debug|Any CPU
		{3FD61AF4-938F-4654-AA55-B3D687E0DF2D}.Debug|Any CPU.Build.0 = Debug|Any CPU
		{3FD61AF4-938F-4654-AA55-B3D687E0DF2D}.Release|Any CPU.ActiveCfg = Release|Any CPU
		{3FD61AF4-938F-4654-AA55-B3D687E0DF2D}.Release|Any CPU.Build.0 = Release|Any CPU
		{9CE1D4E3-1631-4574-B406-8DC1FCB6E708}.Debug|Any CPU.ActiveCfg = Debug|Any CPU
		{9CE1D4E3-1631-4574-B406-8DC1FCB6E708}.Debug|Any CPU.Build.0 = Debug|Any CPU
		{9CE1D4E3-1631-4574-B406-8DC1FCB6E708}.Release|Any CPU.ActiveCfg = Release|Any CPU
		{9CE1D4E3-1631-4574-B406-8DC1FCB6E708}.Release|Any CPU.Build.0 = Release|Any CPU
	EndGlobalSection
	GlobalSection(SolutionProperties) = preSolution
		HideSolutionNode = FALSE
	EndGlobalSection
	GlobalSection(ExtensibilityGlobals) = postSolution
		SolutionGuid = {3B14BFB3-CEE1-40D5-8985-62F82B6CF79D}
	EndGlobalSection
EndGlobal
